{
  "pins" : [
    {
      "identity" : "commandcougar",
      "kind" : "remoteSourceControl",
      "location" : "https://github.com/surfandneptune/CommandCougar.git",
      "state" : {
        "revision" : "33b0211120d2a4bd41c683516ec78cecc7c614cc",
        "version" : "1.1.1"
      }
    },
    {
      "identity" : "files",
      "kind" : "remoteSourceControl",
      "location" : "https://github.com/JohnSundell/Files",
      "state" : {
        "revision" : "d273b5b7025d386feef79ef6bad7de762e106eaf",
        "version" : "4.2.0"
      }
    },
    {
      "identity" : "shellout",
      "kind" : "remoteSourceControl",
      "location" : "https://github.com/JohnSundell/ShellOut.git",
      "state" : {
        "revision" : "e1577acf2b6e90086d01a6d5e2b8efdaae033568",
        "version" : "2.3.0"
      }
    },
    {
      "identity" : "sourcekitten",
      "kind" : "remoteSourceControl",
      "location" : "https://github.com/jpsim/SourceKitten.git",
      "state" : {
        "branch" : "main",
        "revision" : "8abd09033441ec5f464001fe1970db51fbc3292b"
      }
    },
    {
      "identity" : "swift-argument-parser",
      "kind" : "remoteSourceControl",
      "location" : "https://github.com/apple/swift-argument-parser.git",
      "state" : {
        "revision" : "8f4d2753f0e4778c76d5f05ad16c74f707390531",
        "version" : "1.2.3"
      }
    },
    {
      "identity" : "swxmlhash",
      "kind" : "remoteSourceControl",
      "location" : "https://github.com/drmohundro/SWXMLHash.git",
      "state" : {
        "revision" : "a853604c9e9a83ad9954c7e3d2a565273982471f",
        "version" : "7.0.2"
      }
    },
    {
      "identity" : "yams",
      "kind" : "remoteSourceControl",
      "location" : "https://github.com/jpsim/Yams.git",
      "state" : {
        "revision" : "0d9ee7ea8c4ebd4a489ad7a73d5c6cad55d6fed3",
        "version" : "5.0.6"
      }
    }
  ],
  "version" : 2
}
